// !$*UTF8*$!
{
	archiveVersion = 1;
	classes = {
	};
	objectVersion = 46;
	objects = {

/* Begin PBXBuildFile section */
		7FA760F419C24807001F8CFF /* Foundation.framework in Frameworks */ = {isa = PBXBuildFile; fileRef = 7FA760F319C24807001F8CFF /* Foundation.framework */; };
		7FA760F619C24807001F8CFF /* CoreGraphics.framework in Frameworks */ = {isa = PBXBuildFile; fileRef = 7FA760F519C24807001F8CFF /* CoreGraphics.framework */; };
		7FA760F819C24807001F8CFF /* UIKit.framework in Frameworks */ = {isa = PBXBuildFile; fileRef = 7FA760F719C24807001F8CFF /* UIKit.framework */; };
		7FA760FE19C24807001F8CFF /* InfoPlist.strings in Resources */ = {isa = PBXBuildFile; fileRef = 7FA760FC19C24807001F8CFF /* InfoPlist.strings */; };
		7FA7610019C24807001F8CFF /* main.m in Sources */ = {isa = PBXBuildFile; fileRef = 7FA760FF19C24807001F8CFF /* main.m */; };
		7FA7610419C24807001F8CFF /* MGSTAppDelegate.m in Sources */ = {isa = PBXBuildFile; fileRef = 7FA7610319C24807001F8CFF /* MGSTAppDelegate.m */; };
		7FA7610719C24807001F8CFF /* Main.storyboard in Resources */ = {isa = PBXBuildFile; fileRef = 7FA7610519C24807001F8CFF /* Main.storyboard */; };
		7FA7610A19C24807001F8CFF /* MGSTViewController.m in Sources */ = {isa = PBXBuildFile; fileRef = 7FA7610919C24807001F8CFF /* MGSTViewController.m */; };
		7FA7610C19C24807001F8CFF /* Images.xcassets in Resources */ = {isa = PBXBuildFile; fileRef = 7FA7610B19C24807001F8CFF /* Images.xcassets */; };
		7FA7611319C24807001F8CFF /* XCTest.framework in Frameworks */ = {isa = PBXBuildFile; fileRef = 7FA7611219C24807001F8CFF /* XCTest.framework */; };
		7FA7611419C24807001F8CFF /* Foundation.framework in Frameworks */ = {isa = PBXBuildFile; fileRef = 7FA760F319C24807001F8CFF /* Foundation.framework */; };
		7FA7611519C24807001F8CFF /* UIKit.framework in Frameworks */ = {isa = PBXBuildFile; fileRef = 7FA760F719C24807001F8CFF /* UIKit.framework */; };
		7FA7611D19C24807001F8CFF /* InfoPlist.strings in Resources */ = {isa = PBXBuildFile; fileRef = 7FA7611B19C24807001F8CFF /* InfoPlist.strings */; };
		7FA7611F19C24807001F8CFF /* SudokuTests.m in Sources */ = {isa = PBXBuildFile; fileRef = 7FA7611E19C24807001F8CFF /* SudokuTests.m */; };
/* End PBXBuildFile section */

/* Begin PBXContainerItemProxy section */
		7FA7611619C24807001F8CFF /* PBXContainerItemProxy */ = {
			isa = PBXContainerItemProxy;
			containerPortal = 7FA760E819C24807001F8CFF /* Project object */;
			proxyType = 1;
			remoteGlobalIDString = 7FA760EF19C24807001F8CFF;
			remoteInfo = Sudoku;
		};
/* End PBXContainerItemProxy section */

/* Begin PBXFileReference section */
		7FA760F019C24807001F8CFF /* Sudoku.app */ = {isa = PBXFileReference; explicitFileType = wrapper.application; includeInIndex = 0; path = Sudoku.app; sourceTree = BUILT_PRODUCTS_DIR; };
		7FA760F319C24807001F8CFF /* Foundation.framework */ = {isa = PBXFileReference; lastKnownFileType = wrapper.framework; name = Foundation.framework; path = System/Library/Frameworks/Foundation.framework; sourceTree = SDKROOT; };
		7FA760F519C24807001F8CFF /* CoreGraphics.framework */ = {isa = PBXFileReference; lastKnownFileType = wrapper.framework; name = CoreGraphics.framework; path = System/Library/Frameworks/CoreGraphics.framework; sourceTree = SDKROOT; };
		7FA760F719C24807001F8CFF /* UIKit.framework */ = {isa = PBXFileReference; lastKnownFileType = wrapper.framework; name = UIKit.framework; path = System/Library/Frameworks/UIKit.framework; sourceTree = SDKROOT; };
		7FA760FB19C24807001F8CFF /* Sudoku-Info.plist */ = {isa = PBXFileReference; lastKnownFileType = text.plist.xml; path = "Sudoku-Info.plist"; sourceTree = "<group>"; };
		7FA760FD19C24807001F8CFF /* en */ = {isa = PBXFileReference; lastKnownFileType = text.plist.strings; name = en; path = en.lproj/InfoPlist.strings; sourceTree = "<group>"; };
		7FA760FF19C24807001F8CFF /* main.m */ = {isa = PBXFileReference; lastKnownFileType = sourcecode.c.objc; path = main.m; sourceTree = "<group>"; };
		7FA7610119C24807001F8CFF /* Sudoku-Prefix.pch */ = {isa = PBXFileReference; lastKnownFileType = sourcecode.c.h; path = "Sudoku-Prefix.pch"; sourceTree = "<group>"; };
		7FA7610219C24807001F8CFF /* MGSTAppDelegate.h */ = {isa = PBXFileReference; lastKnownFileType = sourcecode.c.h; path = MGSTAppDelegate.h; sourceTree = "<group>"; };
		7FA7610319C24807001F8CFF /* MGSTAppDelegate.m */ = {isa = PBXFileReference; lastKnownFileType = sourcecode.c.objc; path = MGSTAppDelegate.m; sourceTree = "<group>"; };
		7FA7610619C24807001F8CFF /* Base */ = {isa = PBXFileReference; lastKnownFileType = file.storyboard; name = Base; path = Base.lproj/Main.storyboard; sourceTree = "<group>"; };
		7FA7610819C24807001F8CFF /* MGSTViewController.h */ = {isa = PBXFileReference; lastKnownFileType = sourcecode.c.h; path = MGSTViewController.h; sourceTree = "<group>"; };
		7FA7610919C24807001F8CFF /* MGSTViewController.m */ = {isa = PBXFileReference; lastKnownFileType = sourcecode.c.objc; path = MGSTViewController.m; sourceTree = "<group>"; };
		7FA7610B19C24807001F8CFF /* Images.xcassets */ = {isa = PBXFileReference; lastKnownFileType = folder.assetcatalog; path = Images.xcassets; sourceTree = "<group>"; };
		7FA7611119C24807001F8CFF /* SudokuTests.xctest */ = {isa = PBXFileReference; explicitFileType = wrapper.cfbundle; includeInIndex = 0; path = SudokuTests.xctest; sourceTree = BUILT_PRODUCTS_DIR; };
		7FA7611219C24807001F8CFF /* XCTest.framework */ = {isa = PBXFileReference; lastKnownFileType = wrapper.framework; name = XCTest.framework; path = Library/Frameworks/XCTest.framework; sourceTree = DEVELOPER_DIR; };
		7FA7611A19C24807001F8CFF /* SudokuTests-Info.plist */ = {isa = PBXFileReference; lastKnownFileType = text.plist.xml; path = "SudokuTests-Info.plist"; sourceTree = "<group>"; };
		7FA7611C19C24807001F8CFF /* en */ = {isa = PBXFileReference; lastKnownFileType = text.plist.strings; name = en; path = en.lproj/InfoPlist.strings; sourceTree = "<group>"; };
		7FA7611E19C24807001F8CFF /* SudokuTests.m */ = {isa = PBXFileReference; lastKnownFileType = sourcecode.c.objc; path = SudokuTests.m; sourceTree = "<group>"; };
/* End PBXFileReference section */

/* Begin PBXFrameworksBuildPhase section */
		7FA760ED19C24807001F8CFF /* Frameworks */ = {
			isa = PBXFrameworksBuildPhase;
			buildActionMask = 2147483647;
			files = (
				7FA760F619C24807001F8CFF /* CoreGraphics.framework in Frameworks */,
				7FA760F819C24807001F8CFF /* UIKit.framework in Frameworks */,
				7FA760F419C24807001F8CFF /* Foundation.framework in Frameworks */,
			);
			runOnlyForDeploymentPostprocessing = 0;
		};
		7FA7610E19C24807001F8CFF /* Frameworks */ = {
			isa = PBXFrameworksBuildPhase;
			buildActionMask = 2147483647;
			files = (
				7FA7611319C24807001F8CFF /* XCTest.framework in Frameworks */,
				7FA7611519C24807001F8CFF /* UIKit.framework in Frameworks */,
				7FA7611419C24807001F8CFF /* Foundation.framework in Frameworks */,
			);
			runOnlyForDeploymentPostprocessing = 0;
		};
/* End PBXFrameworksBuildPhase section */

/* Begin PBXGroup section */
		7FA760E719C24807001F8CFF = {
			isa = PBXGroup;
			children = (
				7FA760F919C24807001F8CFF /* Sudoku */,
				7FA7611819C24807001F8CFF /* SudokuTests */,
				7FA760F219C24807001F8CFF /* Frameworks */,
				7FA760F119C24807001F8CFF /* Products */,
			);
			sourceTree = "<group>";
		};
		7FA760F119C24807001F8CFF /* Products */ = {
			isa = PBXGroup;
			children = (
				7FA760F019C24807001F8CFF /* Sudoku.app */,
				7FA7611119C24807001F8CFF /* SudokuTests.xctest */,
			);
			name = Products;
			sourceTree = "<group>";
		};
		7FA760F219C24807001F8CFF /* Frameworks */ = {
			isa = PBXGroup;
			children = (
				7FA760F319C24807001F8CFF /* Foundation.framework */,
				7FA760F519C24807001F8CFF /* CoreGraphics.framework */,
				7FA760F719C24807001F8CFF /* UIKit.framework */,
				7FA7611219C24807001F8CFF /* XCTest.framework */,
			);
			name = Frameworks;
			sourceTree = "<group>";
		};
		7FA760F919C24807001F8CFF /* Sudoku */ = {
			isa = PBXGroup;
			children = (
				7FA7610219C24807001F8CFF /* MGSTAppDelegate.h */,
				7FA7610319C24807001F8CFF /* MGSTAppDelegate.m */,
				7FA7610519C24807001F8CFF /* Main.storyboard */,
				7FA7610819C24807001F8CFF /* MGSTViewController.h */,
				7FA7610919C24807001F8CFF /* MGSTViewController.m */,
				7FA7610B19C24807001F8CFF /* Images.xcassets */,
				7FA760FA19C24807001F8CFF /* Supporting Files */,
			);
			path = Sudoku;
			sourceTree = "<group>";
		};
		7FA760FA19C24807001F8CFF /* Supporting Files */ = {
			isa = PBXGroup;
			children = (
				7FA760FB19C24807001F8CFF /* Sudoku-Info.plist */,
				7FA760FC19C24807001F8CFF /* InfoPlist.strings */,
				7FA760FF19C24807001F8CFF /* main.m */,
				7FA7610119C24807001F8CFF /* Sudoku-Prefix.pch */,
			);
			name = "Supporting Files";
			sourceTree = "<group>";
		};
		7FA7611819C24807001F8CFF /* SudokuTests */ = {
			isa = PBXGroup;
			children = (
				7FA7611E19C24807001F8CFF /* SudokuTests.m */,
				7FA7611919C24807001F8CFF /* Supporting Files */,
			);
			path = SudokuTests;
			sourceTree = "<group>";
		};
		7FA7611919C24807001F8CFF /* Supporting Files */ = {
			isa = PBXGroup;
			children = (
				7FA7611A19C24807001F8CFF /* SudokuTests-Info.plist */,
				7FA7611B19C24807001F8CFF /* InfoPlist.strings */,
			);
			name = "Supporting Files";
			sourceTree = "<group>";
		};
/* End PBXGroup section */

/* Begin PBXNativeTarget section */
		7FA760EF19C24807001F8CFF /* Sudoku */ = {
			isa = PBXNativeTarget;
			buildConfigurationList = 7FA7612219C24807001F8CFF /* Build configuration list for PBXNativeTarget "Sudoku" */;
			buildPhases = (
				7FA760EC19C24807001F8CFF /* Sources */,
				7FA760ED19C24807001F8CFF /* Frameworks */,
				7FA760EE19C24807001F8CFF /* Resources */,
			);
			buildRules = (
			);
			dependencies = (
			);
			name = Sudoku;
			productName = Sudoku;
			productReference = 7FA760F019C24807001F8CFF /* Sudoku.app */;
			productType = "com.apple.product-type.application";
		};
		7FA7611019C24807001F8CFF /* SudokuTests */ = {
			isa = PBXNativeTarget;
			buildConfigurationList = 7FA7612519C24807001F8CFF /* Build configuration list for PBXNativeTarget "SudokuTests" */;
			buildPhases = (
				7FA7610D19C24807001F8CFF /* Sources */,
				7FA7610E19C24807001F8CFF /* Frameworks */,
				7FA7610F19C24807001F8CFF /* Resources */,
			);
			buildRules = (
			);
			dependencies = (
				7FA7611719C24807001F8CFF /* PBXTargetDependency */,
			);
			name = SudokuTests;
			productName = SudokuTests;
			productReference = 7FA7611119C24807001F8CFF /* SudokuTests.xctest */;
			productType = "com.apple.product-type.bundle.unit-test";
		};
/* End PBXNativeTarget section */

/* Begin PBXProject section */
		7FA760E819C24807001F8CFF /* Project object */ = {
			isa = PBXProject;
			attributes = {
				CLASSPREFIX = MGST;
				LastUpgradeCheck = 0500;
				ORGANIZATIONNAME = "Melissa Galonsky and Sarah Trisorus";
				TargetAttributes = {
					7FA7611019C24807001F8CFF = {
						TestTargetID = 7FA760EF19C24807001F8CFF;
					};
				};
			};
			buildConfigurationList = 7FA760EB19C24807001F8CFF /* Build configuration list for PBXProject "Sudoku" */;
			compatibilityVersion = "Xcode 3.2";
			developmentRegion = English;
			hasScannedForEncodings = 0;
			knownRegions = (
				en,
				Base,
			);
			mainGroup = 7FA760E719C24807001F8CFF;
			productRefGroup = 7FA760F119C24807001F8CFF /* Products */;
			projectDirPath = "";
			projectRoot = "";
			targets = (
				7FA760EF19C24807001F8CFF /* Sudoku */,
				7FA7611019C24807001F8CFF /* SudokuTests */,
			);
		};
/* End PBXProject section */

/* Begin PBXResourcesBuildPhase section */
		7FA760EE19C24807001F8CFF /* Resources */ = {
			isa = PBXResourcesBuildPhase;
			buildActionMask = 2147483647;
			files = (
				7FA7610C19C24807001F8CFF /* Images.xcassets in Resources */,
				7FA760FE19C24807001F8CFF /* InfoPlist.strings in Resources */,
				7FA7610719C24807001F8CFF /* Main.storyboard in Resources */,
			);
			runOnlyForDeploymentPostprocessing = 0;
		};
		7FA7610F19C24807001F8CFF /* Resources */ = {
			isa = PBXResourcesBuildPhase;
			buildActionMask = 2147483647;
			files = (
				7FA7611D19C24807001F8CFF /* InfoPlist.strings in Resources */,
			);
			runOnlyForDeploymentPostprocessing = 0;
		};
/* End PBXResourcesBuildPhase section */

/* Begin PBXSourcesBuildPhase section */
		7FA760EC19C24807001F8CFF /* Sources */ = {
			isa = PBXSourcesBuildPhase;
			buildActionMask = 2147483647;
			files = (
				7FA7610019C24807001F8CFF /* main.m in Sources */,
				7FA7610419C24807001F8CFF /* MGSTAppDelegate.m in Sources */,
				7FA7610A19C24807001F8CFF /* MGSTViewController.m in Sources */,
			);
			runOnlyForDeploymentPostprocessing = 0;
		};
		7FA7610D19C24807001F8CFF /* Sources */ = {
			isa = PBXSourcesBuildPhase;
			buildActionMask = 2147483647;
			files = (
				7FA7611F19C24807001F8CFF /* SudokuTests.m in Sources */,
			);
			runOnlyForDeploymentPostprocessing = 0;
		};
/* End PBXSourcesBuildPhase section */

/* Begin PBXTargetDependency section */
		7FA7611719C24807001F8CFF /* PBXTargetDependency */ = {
			isa = PBXTargetDependency;
			target = 7FA760EF19C24807001F8CFF /* Sudoku */;
			targetProxy = 7FA7611619C24807001F8CFF /* PBXContainerItemProxy */;
		};
/* End PBXTargetDependency section */

/* Begin PBXVariantGroup section */
		7FA760FC19C24807001F8CFF /* InfoPlist.strings */ = {
			isa = PBXVariantGroup;
			children = (
				7FA760FD19C24807001F8CFF /* en */,
			);
			name = InfoPlist.strings;
			sourceTree = "<group>";
		};
		7FA7610519C24807001F8CFF /* Main.storyboard */ = {
			isa = PBXVariantGroup;
			children = (
				7FA7610619C24807001F8CFF /* Base */,
			);
			name = Main.storyboard;
			sourceTree = "<group>";
		};
		7FA7611B19C24807001F8CFF /* InfoPlist.strings */ = {
			isa = PBXVariantGroup;
			children = (
				7FA7611C19C24807001F8CFF /* en */,
			);
			name = InfoPlist.strings;
			sourceTree = "<group>";
		};
/* End PBXVariantGroup section */

/* Begin XCBuildConfiguration section */
		7FA7612019C24807001F8CFF /* Debug */ = {
			isa = XCBuildConfiguration;
			buildSettings = {
				ALWAYS_SEARCH_USER_PATHS = NO;
				ARCHS = "$(ARCHS_STANDARD_INCLUDING_64_BIT)";
				CLANG_CXX_LANGUAGE_STANDARD = "gnu++0x";
				CLANG_CXX_LIBRARY = "libc++";
				CLANG_ENABLE_MODULES = YES;
				CLANG_ENABLE_OBJC_ARC = YES;
				CLANG_WARN_BOOL_CONVERSION = YES;
				CLANG_WARN_CONSTANT_CONVERSION = YES;
				CLANG_WARN_DIRECT_OBJC_ISA_USAGE = YES_ERROR;
				CLANG_WARN_EMPTY_BODY = YES;
				CLANG_WARN_ENUM_CONVERSION = YES;
				CLANG_WARN_INT_CONVERSION = YES;
				CLANG_WARN_OBJC_ROOT_CLASS = YES_ERROR;
				CLANG_WARN__DUPLICATE_METHOD_MATCH = YES;
				"CODE_SIGN_IDENTITY[sdk=iphoneos*]" = "iPhone Developer";
				COPY_PHASE_STRIP = NO;
				GCC_C_LANGUAGE_STANDARD = gnu99;
				GCC_DYNAMIC_NO_PIC = NO;
				GCC_OPTIMIZATION_LEVEL = 0;
				GCC_PREPROCESSOR_DEFINITIONS = (
					"DEBUG=1",
					"$(inherited)",
				);
				GCC_SYMBOLS_PRIVATE_EXTERN = NO;
				GCC_WARN_64_TO_32_BIT_CONVERSION = YES;
				GCC_WARN_ABOUT_RETURN_TYPE = YES_ERROR;
				GCC_WARN_UNDECLARED_SELECTOR = YES;
				GCC_WARN_UNINITIALIZED_AUTOS = YES;
				GCC_WARN_UNUSED_FUNCTION = YES;
				GCC_WARN_UNUSED_VARIABLE = YES;
				IPHONEOS_DEPLOYMENT_TARGET = 7.0;
				ONLY_ACTIVE_ARCH = YES;
				SDKROOT = iphoneos;
				TARGETED_DEVICE_FAMILY = 2;
			};
			name = Debug;
		};
		7FA7612119C24807001F8CFF /* Release */ = {
			isa = XCBuildConfiguration;
			buildSettings = {
				ALWAYS_SEARCH_USER_PATHS = NO;
				ARCHS = "$(ARCHS_STANDARD_INCLUDING_64_BIT)";
				CLANG_CXX_LANGUAGE_STANDARD = "gnu++0x";
				CLANG_CXX_LIBRARY = "libc++";
				CLANG_ENABLE_MODULES = YES;
				CLANG_ENABLE_OBJC_ARC = YES;
				CLANG_WARN_BOOL_CONVERSION = YES;
				CLANG_WARN_CONSTANT_CONVERSION = YES;
				CLANG_WARN_DIRECT_OBJC_ISA_USAGE = YES_ERROR;
				CLANG_WARN_EMPTY_BODY = YES;
				CLANG_WARN_ENUM_CONVERSION = YES;
				CLANG_WARN_INT_CONVERSION = YES;
				CLANG_WARN_OBJC_ROOT_CLASS = YES_ERROR;
				CLANG_WARN__DUPLICATE_METHOD_MATCH = YES;
				"CODE_SIGN_IDENTITY[sdk=iphoneos*]" = "iPhone Developer";
				COPY_PHASE_STRIP = YES;
				ENABLE_NS_ASSERTIONS = NO;
				GCC_C_LANGUAGE_STANDARD = gnu99;
				GCC_WARN_64_TO_32_BIT_CONVERSION = YES;
				GCC_WARN_ABOUT_RETURN_TYPE = YES_ERROR;
				GCC_WARN_UNDECLARED_SELECTOR = YES;
				GCC_WARN_UNINITIALIZED_AUTOS = YES;
				GCC_WARN_UNUSED_FUNCTION = YES;
				GCC_WARN_UNUSED_VARIABLE = YES;
				IPHONEOS_DEPLOYMENT_TARGET = 7.0;
				SDKROOT = iphoneos;
				TARGETED_DEVICE_FAMILY = 2;
				VALIDATE_PRODUCT = YES;
			};
			name = Release;
		};
		7FA7612319C24807001F8CFF /* Debug */ = {
			isa = XCBuildConfiguration;
			buildSettings = {
				ASSETCATALOG_COMPILER_APPICON_NAME = AppIcon;
				ASSETCATALOG_COMPILER_LAUNCHIMAGE_NAME = LaunchImage;
				GCC_PRECOMPILE_PREFIX_HEADER = YES;
				GCC_PREFIX_HEADER = "Sudoku/Sudoku-Prefix.pch";
				INFOPLIST_FILE = "Sudoku/Sudoku-Info.plist";
				PRODUCT_NAME = "$(TARGET_NAME)";
				WRAPPER_EXTENSION = app;
			};
			name = Debug;
		};
		7FA7612419C24807001F8CFF /* Release */ = {
			isa = XCBuildConfiguration;
			buildSettings = {
				ASSETCATALOG_COMPILER_APPICON_NAME = AppIcon;
				ASSETCATALOG_COMPILER_LAUNCHIMAGE_NAME = LaunchImage;
				GCC_PRECOMPILE_PREFIX_HEADER = YES;
				GCC_PREFIX_HEADER = "Sudoku/Sudoku-Prefix.pch";
				INFOPLIST_FILE = "Sudoku/Sudoku-Info.plist";
				PRODUCT_NAME = "$(TARGET_NAME)";
				WRAPPER_EXTENSION = app;
			};
			name = Release;
		};
		7FA7612619C24807001F8CFF /* Debug */ = {
			isa = XCBuildConfiguration;
			buildSettings = {
				ARCHS = "$(ARCHS_STANDARD_INCLUDING_64_BIT)";
				BUNDLE_LOADER = "$(BUILT_PRODUCTS_DIR)/Sudoku.app/Sudoku";
				FRAMEWORK_SEARCH_PATHS = (
					"$(SDKROOT)/Developer/Library/Frameworks",
					"$(inherited)",
					"$(DEVELOPER_FRAMEWORKS_DIR)",
				);
				GCC_PRECOMPILE_PREFIX_HEADER = YES;
				GCC_PREFIX_HEADER = "Sudoku/Sudoku-Prefix.pch";
				GCC_PREPROCESSOR_DEFINITIONS = (
					"DEBUG=1",
					"$(inherited)",
				);
				INFOPLIST_FILE = "SudokuTests/SudokuTests-Info.plist";
				PRODUCT_NAME = "$(TARGET_NAME)";
				TEST_HOST = "$(BUNDLE_LOADER)";
				WRAPPER_EXTENSION = xctest;
			};
			name = Debug;
		};
		7FA7612719C24807001F8CFF /* Release */ = {
			isa = XCBuildConfiguration;
			buildSettings = {
				ARCHS = "$(ARCHS_STANDARD_INCLUDING_64_BIT)";
				BUNDLE_LOADER = "$(BUILT_PRODUCTS_DIR)/Sudoku.app/Sudoku";
				FRAMEWORK_SEARCH_PATHS = (
					"$(SDKROOT)/Developer/Library/Frameworks",
					"$(inherited)",
					"$(DEVELOPER_FRAMEWORKS_DIR)",
				);
				GCC_PRECOMPILE_PREFIX_HEADER = YES;
				GCC_PREFIX_HEADER = "Sudoku/Sudoku-Prefix.pch";
				INFOPLIST_FILE = "SudokuTests/SudokuTests-Info.plist";
				PRODUCT_NAME = "$(TARGET_NAME)";
				TEST_HOST = "$(BUNDLE_LOADER)";
				WRAPPER_EXTENSION = xctest;
			};
			name = Release;
		};
/* End XCBuildConfiguration section */

/* Begin XCConfigurationList section */
		7FA760EB19C24807001F8CFF /* Build configuration list for PBXProject "Sudoku" */ = {
			isa = XCConfigurationList;
			buildConfigurations = (
				7FA7612019C24807001F8CFF /* Debug */,
				7FA7612119C24807001F8CFF /* Release */,
			);
			defaultConfigurationIsVisible = 0;
			defaultConfigurationName = Release;
		};
		7FA7612219C24807001F8CFF /* Build configuration list for PBXNativeTarget "Sudoku" */ = {
			isa = XCConfigurationList;
			buildConfigurations = (
				7FA7612319C24807001F8CFF /* Debug */,
				7FA7612419C24807001F8CFF /* Release */,
			);
			defaultConfigurationIsVisible = 0;
		};
		7FA7612519C24807001F8CFF /* Build configuration list for PBXNativeTarget "SudokuTests" */ = {
			isa = XCConfigurationList;
			buildConfigurations = (
				7FA7612619C24807001F8CFF /* Debug */,
				7FA7612719C24807001F8CFF /* Release */,
			);
			defaultConfigurationIsVisible = 0;
		};
/* End XCConfigurationList section */
	};
	rootObject = 7FA760E819C24807001F8CFF /* Project object */;
}
